
Microsoft Visual Studio Solution File, Format Version 12.00
# Visual Studio Version 17
VisualStudioVersion = 17.11.35327.3
MinimumVisualStudioVersion = 10.0.40219.1
Project("{FAE04EC0-301F-11D3-BF4B-00C04F79EFBC}") = "Proyecto_TFG", "Proyecto_TFG\Proyecto_TFG.csproj", "{B8EAAEF6-0B59-457B-81C5-2B0702AF07DA}"
EndProject
Global
	GlobalSection(SolutionConfigurationPlatforms) = preSolution
		Debug|Any CPU = Debug|Any CPU
		Release|Any CPU = Release|Any CPU
	EndGlobalSection
	GlobalSection(ProjectConfigurationPlatforms) = postSolution
		{B8EAAEF6-0B59-457B-81C5-2B0702AF07DA}.Debug|Any CPU.ActiveCfg = Debug|Any CPU
		{B8EAAEF6-0B59-457B-81C5-2B0702AF07DA}.Debug|Any CPU.Build.0 = Debug|Any CPU
		{B8EAAEF6-0B59-457B-81C5-2B0702AF07DA}.Release|Any CPU.ActiveCfg = Release|Any CPU
		{B8EAAEF6-0B59-457B-81C5-2B0702AF07DA}.Release|Any CPU.Build.0 = Release|Any CPU
	EndGlobalSection
	GlobalSection(SolutionProperties) = preSolution
		HideSolutionNode = FALSE
	EndGlobalSection
	GlobalSection(ExtensibilityGlobals) = postSolution
		SolutionGuid = {A6AA8EEE-7B15-4383-958C-4047EB62B1DC}
	EndGlobalSection
EndGlobal
